
Microsoft Visual Studio Solution File, Format Version 12.00
# Visual Studio Version 16
VisualStudioVersion = 16.0.29306.81
MinimumVisualStudioVersion = 10.0.40219.1
Project("{FAE04EC0-301F-11D3-BF4B-00C04F79EFBC}") = "TestReadExcel", "TestReadExcel\TestReadExcel.csproj", "{F8026123-05C3-47E2-ADFF-9E6CC7394917}"
EndProject
Global
	GlobalSection(SolutionConfigurationPlatforms) = preSolution
		Debug|Any CPU = Debug|Any CPU
		Release|Any CPU = Release|Any CPU
	EndGlobalSection
	GlobalSection(ProjectConfigurationPlatforms) = postSolution
		{F8026123-05C3-47E2-ADFF-9E6CC7394917}.Debug|Any CPU.ActiveCfg = Debug|Any CPU
		{F8026123-05C3-47E2-ADFF-9E6CC7394917}.Debug|Any CPU.Build.0 = Debug|Any CPU
		{F8026123-05C3-47E2-ADFF-9E6CC7394917}.Release|Any CPU.ActiveCfg = Release|Any CPU
		{F8026123-05C3-47E2-ADFF-9E6CC7394917}.Release|Any CPU.Build.0 = Release|Any CPU
	EndGlobalSection
	GlobalSection(SolutionProperties) = preSolution
		HideSolutionNode = FALSE
	EndGlobalSection
	GlobalSection(ExtensibilityGlobals) = postSolution
		SolutionGuid = {034493F5-16C0-4120-B7CF-A6F2EF592359}
	EndGlobalSection
EndGlobal
